PODS:
  - ConveyPI (2.0.0):
    - PromiseKit (~> 6.8)
  - CryptoSwift (1.3.0)
  - PromiseKit (6.13.1):
    - PromiseKit/CorePromise (= 6.13.1)
    - PromiseKit/Foundation (= 6.13.1)
    - PromiseKit/UIKit (= 6.13.1)
  - PromiseKit/CorePromise (6.13.1)
  - PromiseKit/Foundation (6.13.1):
    - PromiseKit/CorePromise
  - PromiseKit/UIKit (6.13.1):
    - PromiseKit/CorePromise

DEPENDENCIES:
  - ConveyPI
  - CryptoSwift
  - PromiseKit

SPEC REPOS:
  trunk:
    - ConveyPI
    - CryptoSwift
    - PromiseKit

SPEC CHECKSUMS:
  ConveyPI: 61bc07362dc6bc229e81c1f9f1db12ed27b98d8d
  CryptoSwift: 1283821600233bdbeb96d7b389c3288c3bf77211
  PromiseKit: 28fda91c973cc377875d8c0ea4f973013c05b6db

PODFILE CHECKSUM: d598f490ece4bbdea62dfc1dd89a84fa5fa92553

COCOAPODS: 1.9.1
