PODS:
  - ConvAPI (1.0.0):
    - PromiseKit (~> 6.8)
  - CryptoSwift (1.3.1)
  - PromiseKit (6.13.1):
    - PromiseKit/CorePromise (= 6.13.1)
    - PromiseKit/Foundation (= 6.13.1)
    - PromiseKit/UIKit (= 6.13.1)
  - PromiseKit/CorePromise (6.13.1)
  - PromiseKit/Foundation (6.13.1):
    - PromiseKit/CorePromise
  - PromiseKit/UIKit (6.13.1):
    - PromiseKit/CorePromise

DEPENDENCIES:
  - ConvAPI
  - CryptoSwift
  - PromiseKit

SPEC REPOS:
  trunk:
    - ConvAPI
    - CryptoSwift
    - PromiseKit

SPEC CHECKSUMS:
  ConvAPI: 92271adaee960b04ddcea37aeffc4f53ad54cdfd
  CryptoSwift: f12f037f6d0fcd6d48c96db0071b653de64e6c4d
  PromiseKit: 28fda91c973cc377875d8c0ea4f973013c05b6db

PODFILE CHECKSUM: eafbe343ef9279452877a25d488126d7b35cb0b5

COCOAPODS: 1.10.0
