// !$*UTF8*$!
{
	archiveVersion = 1;
	classes = {
	};
	objectVersion = 51;
	objects = {

/* Begin PBXBuildFile section */
		5FC0A38C375B5925C93A4163 /* Pods_BeekeeperTests.framework in Frameworks */ = {isa = PBXBuildFile; fileRef = 01878686F44D8A22CC161D6D /* Pods_BeekeeperTests.framework */; };
		7D320DD52089F4B1007C7DDE /* StorageTests.swift in Sources */ = {isa = PBXBuildFile; fileRef = 7D320DD42089F4B1007C7DDE /* StorageTests.swift */; };
		7D8EB6782087BD0C0066CA42 /* Pods_Beekeeper.framework in Frameworks */ = {isa = PBXBuildFile; fileRef = 7D8EB6772087BD0C0066CA42 /* Pods_Beekeeper.framework */; };
		7DA72268208CEA14003BDA12 /* Signer.swift in Sources */ = {isa = PBXBuildFile; fileRef = 7DA72267208CEA14003BDA12 /* Signer.swift */; };
		7DA7226B208D0388003BDA12 /* SignerTests.swift in Sources */ = {isa = PBXBuildFile; fileRef = 7DA7226A208D0388003BDA12 /* SignerTests.swift */; };
		7DA7226D208D4808003BDA12 /* Memory.swift in Sources */ = {isa = PBXBuildFile; fileRef = 7DA7226C208D4808003BDA12 /* Memory.swift */; };
		7DDDFAE82082941600F3426C /* Beekeeper.framework in Frameworks */ = {isa = PBXBuildFile; fileRef = 7DDDFADE2082941600F3426C /* Beekeeper.framework */; };
		7DDDFAED2082941600F3426C /* BeekeeperTests.swift in Sources */ = {isa = PBXBuildFile; fileRef = 7DDDFAEC2082941600F3426C /* BeekeeperTests.swift */; };
		7DDDFAEF2082941600F3426C /* Beekeeper.h in Headers */ = {isa = PBXBuildFile; fileRef = 7DDDFAE12082941600F3426C /* Beekeeper.h */; settings = {ATTRIBUTES = (Public, ); }; };
		7DDDFAF9208294D300F3426C /* Beekeeper.swift in Sources */ = {isa = PBXBuildFile; fileRef = 7DDDFAF8208294D300F3426C /* Beekeeper.swift */; };
		7DDDFAFB2082AFA300F3426C /* Storage.swift in Sources */ = {isa = PBXBuildFile; fileRef = 7DDDFAFA2082AFA300F3426C /* Storage.swift */; };
		7DDDFAFD2082BFE300F3426C /* Dispatcher.swift in Sources */ = {isa = PBXBuildFile; fileRef = 7DDDFAFC2082BFE300F3426C /* Dispatcher.swift */; };
		7DDDFAFF208355C300F3426C /* Queue.swift in Sources */ = {isa = PBXBuildFile; fileRef = 7DDDFAFE208355C300F3426C /* Queue.swift */; };
		7DDDFB012083571F00F3426C /* QueueTests.swift in Sources */ = {isa = PBXBuildFile; fileRef = 7DDDFB002083571F00F3426C /* QueueTests.swift */; };
		7DDDFB03208367FD00F3426C /* Day.swift in Sources */ = {isa = PBXBuildFile; fileRef = 7DDDFB02208367FD00F3426C /* Day.swift */; };
		7DDDFB052083681400F3426C /* Event.swift in Sources */ = {isa = PBXBuildFile; fileRef = 7DDDFB042083681400F3426C /* Event.swift */; };
		7DDDFB0720836EA600F3426C /* DispatcherTest.swift in Sources */ = {isa = PBXBuildFile; fileRef = 7DDDFB0620836EA600F3426C /* DispatcherTest.swift */; };
/* End PBXBuildFile section */

/* Begin PBXContainerItemProxy section */
		7DDDFAE92082941600F3426C /* PBXContainerItemProxy */ = {
			isa = PBXContainerItemProxy;
			containerPortal = 7DDDFAD52082941600F3426C /* Project object */;
			proxyType = 1;
			remoteGlobalIDString = 7DDDFADD2082941600F3426C;
			remoteInfo = AUSTracking;
		};
/* End PBXContainerItemProxy section */

/* Begin PBXFileReference section */
		01878686F44D8A22CC161D6D /* Pods_BeekeeperTests.framework */ = {isa = PBXFileReference; explicitFileType = wrapper.framework; includeInIndex = 0; path = Pods_BeekeeperTests.framework; sourceTree = BUILT_PRODUCTS_DIR; };
		37AD605EE0E8977F0D8EFD12 /* Pods-AUSTracking.release.xcconfig */ = {isa = PBXFileReference; includeInIndex = 1; lastKnownFileType = text.xcconfig; name = "Pods-AUSTracking.release.xcconfig"; path = "Pods/Target Support Files/Pods-AUSTracking/Pods-AUSTracking.release.xcconfig"; sourceTree = "<group>"; };
		39558768F7EF5DB8B7351618 /* Pods-BeekeeperTests.debug.xcconfig */ = {isa = PBXFileReference; includeInIndex = 1; lastKnownFileType = text.xcconfig; name = "Pods-BeekeeperTests.debug.xcconfig"; path = "Pods/Target Support Files/Pods-BeekeeperTests/Pods-BeekeeperTests.debug.xcconfig"; sourceTree = "<group>"; };
		52594EED801DB23206D0FD94 /* Pods-Beekeeper.release.xcconfig */ = {isa = PBXFileReference; includeInIndex = 1; lastKnownFileType = text.xcconfig; name = "Pods-Beekeeper.release.xcconfig"; path = "Pods/Target Support Files/Pods-Beekeeper/Pods-Beekeeper.release.xcconfig"; sourceTree = "<group>"; };
		5CA630040FF23708D250B10E /* Pods_AUSTracking.framework */ = {isa = PBXFileReference; explicitFileType = wrapper.framework; includeInIndex = 0; path = Pods_AUSTracking.framework; sourceTree = BUILT_PRODUCTS_DIR; };
		67C120F29A3FD61E6D0EE5C8 /* Pods_AUSTrackingTests.framework */ = {isa = PBXFileReference; explicitFileType = wrapper.framework; includeInIndex = 0; path = Pods_AUSTrackingTests.framework; sourceTree = BUILT_PRODUCTS_DIR; };
		6A13283FE8EDAB7E9DE17582 /* Pods-AUSTracking.debug.xcconfig */ = {isa = PBXFileReference; includeInIndex = 1; lastKnownFileType = text.xcconfig; name = "Pods-AUSTracking.debug.xcconfig"; path = "Pods/Target Support Files/Pods-AUSTracking/Pods-AUSTracking.debug.xcconfig"; sourceTree = "<group>"; };
		73037301254AB7F9DBCAE1E2 /* Pods-AUSTrackingTests.debug.xcconfig */ = {isa = PBXFileReference; includeInIndex = 1; lastKnownFileType = text.xcconfig; name = "Pods-AUSTrackingTests.debug.xcconfig"; path = "Pods/Target Support Files/Pods-AUSTrackingTests/Pods-AUSTrackingTests.debug.xcconfig"; sourceTree = "<group>"; };
		7D320DD42089F4B1007C7DDE /* StorageTests.swift */ = {isa = PBXFileReference; lastKnownFileType = sourcecode.swift; path = StorageTests.swift; sourceTree = "<group>"; };
		7D8EB6772087BD0C0066CA42 /* Pods_Beekeeper.framework */ = {isa = PBXFileReference; explicitFileType = wrapper.framework; path = Pods_Beekeeper.framework; sourceTree = BUILT_PRODUCTS_DIR; };
		7DA72267208CEA14003BDA12 /* Signer.swift */ = {isa = PBXFileReference; lastKnownFileType = sourcecode.swift; path = Signer.swift; sourceTree = "<group>"; };
		7DA7226A208D0388003BDA12 /* SignerTests.swift */ = {isa = PBXFileReference; lastKnownFileType = sourcecode.swift; path = SignerTests.swift; sourceTree = "<group>"; };
		7DA7226C208D4808003BDA12 /* Memory.swift */ = {isa = PBXFileReference; fileEncoding = 4; lastKnownFileType = sourcecode.swift; path = Memory.swift; sourceTree = "<group>"; };
		7DDDFADE2082941600F3426C /* Beekeeper.framework */ = {isa = PBXFileReference; explicitFileType = wrapper.framework; includeInIndex = 0; path = Beekeeper.framework; sourceTree = BUILT_PRODUCTS_DIR; };
		7DDDFAE12082941600F3426C /* Beekeeper.h */ = {isa = PBXFileReference; lastKnownFileType = sourcecode.c.h; path = Beekeeper.h; sourceTree = "<group>"; };
		7DDDFAE22082941600F3426C /* Info.plist */ = {isa = PBXFileReference; lastKnownFileType = text.plist.xml; path = Info.plist; sourceTree = "<group>"; };
		7DDDFAE72082941600F3426C /* BeekeeperTests.xctest */ = {isa = PBXFileReference; explicitFileType = wrapper.cfbundle; includeInIndex = 0; path = BeekeeperTests.xctest; sourceTree = BUILT_PRODUCTS_DIR; };
		7DDDFAEC2082941600F3426C /* BeekeeperTests.swift */ = {isa = PBXFileReference; lastKnownFileType = sourcecode.swift; path = BeekeeperTests.swift; sourceTree = "<group>"; };
		7DDDFAEE2082941600F3426C /* Info.plist */ = {isa = PBXFileReference; lastKnownFileType = text.plist.xml; path = Info.plist; sourceTree = "<group>"; };
		7DDDFAF8208294D300F3426C /* Beekeeper.swift */ = {isa = PBXFileReference; lastKnownFileType = sourcecode.swift; path = Beekeeper.swift; sourceTree = "<group>"; };
		7DDDFAFA2082AFA300F3426C /* Storage.swift */ = {isa = PBXFileReference; lastKnownFileType = sourcecode.swift; path = Storage.swift; sourceTree = "<group>"; };
		7DDDFAFC2082BFE300F3426C /* Dispatcher.swift */ = {isa = PBXFileReference; lastKnownFileType = sourcecode.swift; path = Dispatcher.swift; sourceTree = "<group>"; };
		7DDDFAFE208355C300F3426C /* Queue.swift */ = {isa = PBXFileReference; lastKnownFileType = sourcecode.swift; path = Queue.swift; sourceTree = "<group>"; };
		7DDDFB002083571F00F3426C /* QueueTests.swift */ = {isa = PBXFileReference; lastKnownFileType = sourcecode.swift; path = QueueTests.swift; sourceTree = "<group>"; };
		7DDDFB02208367FD00F3426C /* Day.swift */ = {isa = PBXFileReference; lastKnownFileType = sourcecode.swift; path = Day.swift; sourceTree = "<group>"; };
		7DDDFB042083681400F3426C /* Event.swift */ = {isa = PBXFileReference; lastKnownFileType = sourcecode.swift; path = Event.swift; sourceTree = "<group>"; };
		7DDDFB0620836EA600F3426C /* DispatcherTest.swift */ = {isa = PBXFileReference; lastKnownFileType = sourcecode.swift; path = DispatcherTest.swift; sourceTree = "<group>"; };
		96730143287B0C9E1FBD1AA9 /* Pods-AUSTrackingTests.release.xcconfig */ = {isa = PBXFileReference; includeInIndex = 1; lastKnownFileType = text.xcconfig; name = "Pods-AUSTrackingTests.release.xcconfig"; path = "Pods/Target Support Files/Pods-AUSTrackingTests/Pods-AUSTrackingTests.release.xcconfig"; sourceTree = "<group>"; };
		980C157A4926960FBD24F15C /* Pods-BeekeeperTests.release.xcconfig */ = {isa = PBXFileReference; includeInIndex = 1; lastKnownFileType = text.xcconfig; name = "Pods-BeekeeperTests.release.xcconfig"; path = "Pods/Target Support Files/Pods-BeekeeperTests/Pods-BeekeeperTests.release.xcconfig"; sourceTree = "<group>"; };
		9BEF428B0840F873D3795294 /* Pods-Beekeeper.debug.xcconfig */ = {isa = PBXFileReference; includeInIndex = 1; lastKnownFileType = text.xcconfig; name = "Pods-Beekeeper.debug.xcconfig"; path = "Pods/Target Support Files/Pods-Beekeeper/Pods-Beekeeper.debug.xcconfig"; sourceTree = "<group>"; };
		DA7AE6932B528F1FBF830F85 /* Pods_Beekeeper.framework */ = {isa = PBXFileReference; explicitFileType = wrapper.framework; includeInIndex = 0; path = Pods_Beekeeper.framework; sourceTree = BUILT_PRODUCTS_DIR; };
/* End PBXFileReference section */

/* Begin PBXFrameworksBuildPhase section */
		7DDDFADA2082941600F3426C /* Frameworks */ = {
			isa = PBXFrameworksBuildPhase;
			buildActionMask = 2147483647;
			files = (
				7D8EB6782087BD0C0066CA42 /* Pods_Beekeeper.framework in Frameworks */,
			);
			runOnlyForDeploymentPostprocessing = 0;
		};
		7DDDFAE42082941600F3426C /* Frameworks */ = {
			isa = PBXFrameworksBuildPhase;
			buildActionMask = 2147483647;
			files = (
				7DDDFAE82082941600F3426C /* Beekeeper.framework in Frameworks */,
				5FC0A38C375B5925C93A4163 /* Pods_BeekeeperTests.framework in Frameworks */,
			);
			runOnlyForDeploymentPostprocessing = 0;
		};
/* End PBXFrameworksBuildPhase section */

/* Begin PBXGroup section */
		21ED1033C9C41EFDF0C636AF /* Frameworks */ = {
			isa = PBXGroup;
			children = (
				7D8EB6772087BD0C0066CA42 /* Pods_Beekeeper.framework */,
				5CA630040FF23708D250B10E /* Pods_AUSTracking.framework */,
				67C120F29A3FD61E6D0EE5C8 /* Pods_AUSTrackingTests.framework */,
				DA7AE6932B528F1FBF830F85 /* Pods_Beekeeper.framework */,
				01878686F44D8A22CC161D6D /* Pods_BeekeeperTests.framework */,
			);
			name = Frameworks;
			sourceTree = "<group>";
		};
		7DDDFAD42082941600F3426C = {
			isa = PBXGroup;
			children = (
				E56C074325AC3AED00BE6165 /* Sources */,
				7DDDFADF2082941600F3426C /* Products */,
				F1C6D79C4BF88FA7D95918D0 /* Pods */,
				21ED1033C9C41EFDF0C636AF /* Frameworks */,
			);
			sourceTree = "<group>";
		};
		7DDDFADF2082941600F3426C /* Products */ = {
			isa = PBXGroup;
			children = (
				7DDDFADE2082941600F3426C /* Beekeeper.framework */,
				7DDDFAE72082941600F3426C /* BeekeeperTests.xctest */,
			);
			name = Products;
			sourceTree = "<group>";
		};
		7DDDFAE02082941600F3426C /* Beekeeper */ = {
			isa = PBXGroup;
			children = (
				7DDDFAE12082941600F3426C /* Beekeeper.h */,
				7DDDFAE22082941600F3426C /* Info.plist */,
				7DDDFAF8208294D300F3426C /* Beekeeper.swift */,
				7DA7226C208D4808003BDA12 /* Memory.swift */,
				7DDDFAFA2082AFA300F3426C /* Storage.swift */,
				7DDDFAFC2082BFE300F3426C /* Dispatcher.swift */,
				7DDDFAFE208355C300F3426C /* Queue.swift */,
				7DDDFB02208367FD00F3426C /* Day.swift */,
				7DDDFB042083681400F3426C /* Event.swift */,
				7DA72267208CEA14003BDA12 /* Signer.swift */,
			);
			path = Beekeeper;
			sourceTree = "<group>";
		};
		7DDDFAEB2082941600F3426C /* BeekeeperTests */ = {
			isa = PBXGroup;
			children = (
				7DDDFAEC2082941600F3426C /* BeekeeperTests.swift */,
				7DDDFB002083571F00F3426C /* QueueTests.swift */,
				7DDDFB0620836EA600F3426C /* DispatcherTest.swift */,
				7D320DD42089F4B1007C7DDE /* StorageTests.swift */,
				7DA7226A208D0388003BDA12 /* SignerTests.swift */,
				7DDDFAEE2082941600F3426C /* Info.plist */,
			);
			path = BeekeeperTests;
			sourceTree = "<group>";
		};
		E56C074325AC3AED00BE6165 /* Sources */ = {
			isa = PBXGroup;
			children = (
				7DDDFAE02082941600F3426C /* Beekeeper */,
				7DDDFAEB2082941600F3426C /* BeekeeperTests */,
			);
			path = Sources;
			sourceTree = "<group>";
		};
		F1C6D79C4BF88FA7D95918D0 /* Pods */ = {
			isa = PBXGroup;
			children = (
				6A13283FE8EDAB7E9DE17582 /* Pods-AUSTracking.debug.xcconfig */,
				37AD605EE0E8977F0D8EFD12 /* Pods-AUSTracking.release.xcconfig */,
				73037301254AB7F9DBCAE1E2 /* Pods-AUSTrackingTests.debug.xcconfig */,
				96730143287B0C9E1FBD1AA9 /* Pods-AUSTrackingTests.release.xcconfig */,
				9BEF428B0840F873D3795294 /* Pods-Beekeeper.debug.xcconfig */,
				52594EED801DB23206D0FD94 /* Pods-Beekeeper.release.xcconfig */,
				39558768F7EF5DB8B7351618 /* Pods-BeekeeperTests.debug.xcconfig */,
				980C157A4926960FBD24F15C /* Pods-BeekeeperTests.release.xcconfig */,
			);
			name = Pods;
			sourceTree = "<group>";
		};
/* End PBXGroup section */

/* Begin PBXHeadersBuildPhase section */
		7DDDFADB2082941600F3426C /* Headers */ = {
			isa = PBXHeadersBuildPhase;
			buildActionMask = 2147483647;
			files = (
				7DDDFAEF2082941600F3426C /* Beekeeper.h in Headers */,
			);
			runOnlyForDeploymentPostprocessing = 0;
		};
/* End PBXHeadersBuildPhase section */

/* Begin PBXNativeTarget section */
		7DDDFADD2082941600F3426C /* Beekeeper */ = {
			isa = PBXNativeTarget;
			buildConfigurationList = 7DDDFAF22082941600F3426C /* Build configuration list for PBXNativeTarget "Beekeeper" */;
			buildPhases = (
				233EDF337DD93AD0AA9C267B /* [CP] Check Pods Manifest.lock */,
				7DDDFAD92082941600F3426C /* Sources */,
				7DDDFADA2082941600F3426C /* Frameworks */,
				7DDDFADB2082941600F3426C /* Headers */,
				7DDDFADC2082941600F3426C /* Resources */,
			);
			buildRules = (
			);
			dependencies = (
			);
			name = Beekeeper;
			productName = AUSTracking;
			productReference = 7DDDFADE2082941600F3426C /* Beekeeper.framework */;
			productType = "com.apple.product-type.framework";
		};
		7DDDFAE62082941600F3426C /* BeekeeperTests */ = {
			isa = PBXNativeTarget;
			buildConfigurationList = 7DDDFAF52082941600F3426C /* Build configuration list for PBXNativeTarget "BeekeeperTests" */;
			buildPhases = (
				E1D4D0F8274EA56AFC14455B /* [CP] Check Pods Manifest.lock */,
				7DDDFAE32082941600F3426C /* Sources */,
				7DDDFAE42082941600F3426C /* Frameworks */,
				7DDDFAE52082941600F3426C /* Resources */,
				389FF42CB95FFE28C0A0365E /* [CP] Embed Pods Frameworks */,
			);
			buildRules = (
			);
			dependencies = (
				7DDDFAEA2082941600F3426C /* PBXTargetDependency */,
			);
			name = BeekeeperTests;
			productName = AUSTrackingTests;
			productReference = 7DDDFAE72082941600F3426C /* BeekeeperTests.xctest */;
			productType = "com.apple.product-type.bundle.unit-test";
		};
/* End PBXNativeTarget section */

/* Begin PBXProject section */
		7DDDFAD52082941600F3426C /* Project object */ = {
			isa = PBXProject;
			attributes = {
				LastSwiftUpdateCheck = 0930;
				LastUpgradeCheck = 0930;
				ORGANIZATIONNAME = "Andreas Ganske";
				TargetAttributes = {
					7DDDFADD2082941600F3426C = {
						CreatedOnToolsVersion = 9.3;
						LastSwiftMigration = 1130;
					};
					7DDDFAE62082941600F3426C = {
						CreatedOnToolsVersion = 9.3;
						LastSwiftMigration = 1130;
					};
				};
			};
			buildConfigurationList = 7DDDFAD82082941600F3426C /* Build configuration list for PBXProject "Beekeeper" */;
			compatibilityVersion = "Xcode 9.3";
			developmentRegion = en;
			hasScannedForEncodings = 0;
			knownRegions = (
				en,
			);
			mainGroup = 7DDDFAD42082941600F3426C;
			productRefGroup = 7DDDFADF2082941600F3426C /* Products */;
			projectDirPath = "";
			projectRoot = "";
			targets = (
				7DDDFADD2082941600F3426C /* Beekeeper */,
				7DDDFAE62082941600F3426C /* BeekeeperTests */,
			);
		};
/* End PBXProject section */

/* Begin PBXResourcesBuildPhase section */
		7DDDFADC2082941600F3426C /* Resources */ = {
			isa = PBXResourcesBuildPhase;
			buildActionMask = 2147483647;
			files = (
			);
			runOnlyForDeploymentPostprocessing = 0;
		};
		7DDDFAE52082941600F3426C /* Resources */ = {
			isa = PBXResourcesBuildPhase;
			buildActionMask = 2147483647;
			files = (
			);
			runOnlyForDeploymentPostprocessing = 0;
		};
/* End PBXResourcesBuildPhase section */

/* Begin PBXShellScriptBuildPhase section */
		233EDF337DD93AD0AA9C267B /* [CP] Check Pods Manifest.lock */ = {
			isa = PBXShellScriptBuildPhase;
			buildActionMask = 2147483647;
			files = (
			);
			inputPaths = (
				"${PODS_PODFILE_DIR_PATH}/Podfile.lock",
				"${PODS_ROOT}/Manifest.lock",
			);
			name = "[CP] Check Pods Manifest.lock";
			outputPaths = (
				"$(DERIVED_FILE_DIR)/Pods-Beekeeper-checkManifestLockResult.txt",
			);
			runOnlyForDeploymentPostprocessing = 0;
			shellPath = /bin/sh;
			shellScript = "diff \"${PODS_PODFILE_DIR_PATH}/Podfile.lock\" \"${PODS_ROOT}/Manifest.lock\" > /dev/null\nif [ $? != 0 ] ; then\n    # print error to STDERR\n    echo \"error: The sandbox is not in sync with the Podfile.lock. Run 'pod install' or update your CocoaPods installation.\" >&2\n    exit 1\nfi\n# This output is used by Xcode 'outputs' to avoid re-running this script phase.\necho \"SUCCESS\" > \"${SCRIPT_OUTPUT_FILE_0}\"\n";
			showEnvVarsInLog = 0;
		};
		389FF42CB95FFE28C0A0365E /* [CP] Embed Pods Frameworks */ = {
			isa = PBXShellScriptBuildPhase;
			buildActionMask = 2147483647;
			files = (
			);
			inputFileListPaths = (
				"${PODS_ROOT}/Target Support Files/Pods-BeekeeperTests/Pods-BeekeeperTests-frameworks-${CONFIGURATION}-input-files.xcfilelist",
			);
			name = "[CP] Embed Pods Frameworks";
			outputFileListPaths = (
				"${PODS_ROOT}/Target Support Files/Pods-BeekeeperTests/Pods-BeekeeperTests-frameworks-${CONFIGURATION}-output-files.xcfilelist",
			);
			runOnlyForDeploymentPostprocessing = 0;
			shellPath = /bin/sh;
			shellScript = "\"${PODS_ROOT}/Target Support Files/Pods-BeekeeperTests/Pods-BeekeeperTests-frameworks.sh\"\n";
			showEnvVarsInLog = 0;
		};
		E1D4D0F8274EA56AFC14455B /* [CP] Check Pods Manifest.lock */ = {
			isa = PBXShellScriptBuildPhase;
			buildActionMask = 2147483647;
			files = (
			);
			inputPaths = (
				"${PODS_PODFILE_DIR_PATH}/Podfile.lock",
				"${PODS_ROOT}/Manifest.lock",
			);
			name = "[CP] Check Pods Manifest.lock";
			outputPaths = (
				"$(DERIVED_FILE_DIR)/Pods-BeekeeperTests-checkManifestLockResult.txt",
			);
			runOnlyForDeploymentPostprocessing = 0;
			shellPath = /bin/sh;
			shellScript = "diff \"${PODS_PODFILE_DIR_PATH}/Podfile.lock\" \"${PODS_ROOT}/Manifest.lock\" > /dev/null\nif [ $? != 0 ] ; then\n    # print error to STDERR\n    echo \"error: The sandbox is not in sync with the Podfile.lock. Run 'pod install' or update your CocoaPods installation.\" >&2\n    exit 1\nfi\n# This output is used by Xcode 'outputs' to avoid re-running this script phase.\necho \"SUCCESS\" > \"${SCRIPT_OUTPUT_FILE_0}\"\n";
			showEnvVarsInLog = 0;
		};
/* End PBXShellScriptBuildPhase section */

/* Begin PBXSourcesBuildPhase section */
		7DDDFAD92082941600F3426C /* Sources */ = {
			isa = PBXSourcesBuildPhase;
			buildActionMask = 2147483647;
			files = (
				7DA7226D208D4808003BDA12 /* Memory.swift in Sources */,
				7DDDFAF9208294D300F3426C /* Beekeeper.swift in Sources */,
				7DDDFAFB2082AFA300F3426C /* Storage.swift in Sources */,
				7DDDFAFD2082BFE300F3426C /* Dispatcher.swift in Sources */,
				7DDDFB03208367FD00F3426C /* Day.swift in Sources */,
				7DDDFB052083681400F3426C /* Event.swift in Sources */,
				7DDDFAFF208355C300F3426C /* Queue.swift in Sources */,
				7DA72268208CEA14003BDA12 /* Signer.swift in Sources */,
			);
			runOnlyForDeploymentPostprocessing = 0;
		};
		7DDDFAE32082941600F3426C /* Sources */ = {
			isa = PBXSourcesBuildPhase;
			buildActionMask = 2147483647;
			files = (
				7DDDFB0720836EA600F3426C /* DispatcherTest.swift in Sources */,
				7D320DD52089F4B1007C7DDE /* StorageTests.swift in Sources */,
				7DDDFAED2082941600F3426C /* BeekeeperTests.swift in Sources */,
				7DA7226B208D0388003BDA12 /* SignerTests.swift in Sources */,
				7DDDFB012083571F00F3426C /* QueueTests.swift in Sources */,
			);
			runOnlyForDeploymentPostprocessing = 0;
		};
/* End PBXSourcesBuildPhase section */

/* Begin PBXTargetDependency section */
		7DDDFAEA2082941600F3426C /* PBXTargetDependency */ = {
			isa = PBXTargetDependency;
			target = 7DDDFADD2082941600F3426C /* Beekeeper */;
			targetProxy = 7DDDFAE92082941600F3426C /* PBXContainerItemProxy */;
		};
/* End PBXTargetDependency section */

/* Begin XCBuildConfiguration section */
		7DDDFAF02082941600F3426C /* Debug */ = {
			isa = XCBuildConfiguration;
			buildSettings = {
				ALWAYS_SEARCH_USER_PATHS = NO;
				CLANG_ANALYZER_NONNULL = YES;
				CLANG_ANALYZER_NUMBER_OBJECT_CONVERSION = YES_AGGRESSIVE;
				CLANG_CXX_LANGUAGE_STANDARD = "gnu++14";
				CLANG_CXX_LIBRARY = "libc++";
				CLANG_ENABLE_MODULES = YES;
				CLANG_ENABLE_OBJC_ARC = YES;
				CLANG_ENABLE_OBJC_WEAK = YES;
				CLANG_WARN_BLOCK_CAPTURE_AUTORELEASING = YES;
				CLANG_WARN_BOOL_CONVERSION = YES;
				CLANG_WARN_COMMA = YES;
				CLANG_WARN_CONSTANT_CONVERSION = YES;
				CLANG_WARN_DEPRECATED_OBJC_IMPLEMENTATIONS = YES;
				CLANG_WARN_DIRECT_OBJC_ISA_USAGE = YES_ERROR;
				CLANG_WARN_DOCUMENTATION_COMMENTS = YES;
				CLANG_WARN_EMPTY_BODY = YES;
				CLANG_WARN_ENUM_CONVERSION = YES;
				CLANG_WARN_INFINITE_RECURSION = YES;
				CLANG_WARN_INT_CONVERSION = YES;
				CLANG_WARN_NON_LITERAL_NULL_CONVERSION = YES;
				CLANG_WARN_OBJC_IMPLICIT_RETAIN_SELF = YES;
				CLANG_WARN_OBJC_LITERAL_CONVERSION = YES;
				CLANG_WARN_OBJC_ROOT_CLASS = YES_ERROR;
				CLANG_WARN_RANGE_LOOP_ANALYSIS = YES;
				CLANG_WARN_STRICT_PROTOTYPES = YES;
				CLANG_WARN_SUSPICIOUS_MOVE = YES;
				CLANG_WARN_UNGUARDED_AVAILABILITY = YES_AGGRESSIVE;
				CLANG_WARN_UNREACHABLE_CODE = YES;
				CLANG_WARN__DUPLICATE_METHOD_MATCH = YES;
				CODE_SIGN_IDENTITY = "iPhone Developer";
				COPY_PHASE_STRIP = NO;
				CURRENT_PROJECT_VERSION = 1;
				DEBUG_INFORMATION_FORMAT = dwarf;
				ENABLE_STRICT_OBJC_MSGSEND = YES;
				ENABLE_TESTABILITY = YES;
				GCC_C_LANGUAGE_STANDARD = gnu11;
				GCC_DYNAMIC_NO_PIC = NO;
				GCC_NO_COMMON_BLOCKS = YES;
				GCC_OPTIMIZATION_LEVEL = 0;
				GCC_PREPROCESSOR_DEFINITIONS = (
					"DEBUG=1",
					"$(inherited)",
				);
				GCC_WARN_64_TO_32_BIT_CONVERSION = YES;
				GCC_WARN_ABOUT_RETURN_TYPE = YES_ERROR;
				GCC_WARN_UNDECLARED_SELECTOR = YES;
				GCC_WARN_UNINITIALIZED_AUTOS = YES_AGGRESSIVE;
				GCC_WARN_UNUSED_FUNCTION = YES;
				GCC_WARN_UNUSED_VARIABLE = YES;
				IPHONEOS_DEPLOYMENT_TARGET = 11.3;
				MTL_ENABLE_DEBUG_INFO = YES;
				ONLY_ACTIVE_ARCH = YES;
				SDKROOT = iphoneos;
				SWIFT_ACTIVE_COMPILATION_CONDITIONS = DEBUG;
				SWIFT_OPTIMIZATION_LEVEL = "-Onone";
				VERSIONING_SYSTEM = "apple-generic";
				VERSION_INFO_PREFIX = "";
			};
			name = Debug;
		};
		7DDDFAF12082941600F3426C /* Release */ = {
			isa = XCBuildConfiguration;
			buildSettings = {
				ALWAYS_SEARCH_USER_PATHS = NO;
				CLANG_ANALYZER_NONNULL = YES;
				CLANG_ANALYZER_NUMBER_OBJECT_CONVERSION = YES_AGGRESSIVE;
				CLANG_CXX_LANGUAGE_STANDARD = "gnu++14";
				CLANG_CXX_LIBRARY = "libc++";
				CLANG_ENABLE_MODULES = YES;
				CLANG_ENABLE_OBJC_ARC = YES;
				CLANG_ENABLE_OBJC_WEAK = YES;
				CLANG_WARN_BLOCK_CAPTURE_AUTORELEASING = YES;
				CLANG_WARN_BOOL_CONVERSION = YES;
				CLANG_WARN_COMMA = YES;
				CLANG_WARN_CONSTANT_CONVERSION = YES;
				CLANG_WARN_DEPRECATED_OBJC_IMPLEMENTATIONS = YES;
				CLANG_WARN_DIRECT_OBJC_ISA_USAGE = YES_ERROR;
				CLANG_WARN_DOCUMENTATION_COMMENTS = YES;
				CLANG_WARN_EMPTY_BODY = YES;
				CLANG_WARN_ENUM_CONVERSION = YES;
				CLANG_WARN_INFINITE_RECURSION = YES;
				CLANG_WARN_INT_CONVERSION = YES;
				CLANG_WARN_NON_LITERAL_NULL_CONVERSION = YES;
				CLANG_WARN_OBJC_IMPLICIT_RETAIN_SELF = YES;
				CLANG_WARN_OBJC_LITERAL_CONVERSION = YES;
				CLANG_WARN_OBJC_ROOT_CLASS = YES_ERROR;
				CLANG_WARN_RANGE_LOOP_ANALYSIS = YES;
				CLANG_WARN_STRICT_PROTOTYPES = YES;
				CLANG_WARN_SUSPICIOUS_MOVE = YES;
				CLANG_WARN_UNGUARDED_AVAILABILITY = YES_AGGRESSIVE;
				CLANG_WARN_UNREACHABLE_CODE = YES;
				CLANG_WARN__DUPLICATE_METHOD_MATCH = YES;
				CODE_SIGN_IDENTITY = "iPhone Developer";
				COPY_PHASE_STRIP = NO;
				CURRENT_PROJECT_VERSION = 1;
				DEBUG_INFORMATION_FORMAT = "dwarf-with-dsym";
				ENABLE_NS_ASSERTIONS = NO;
				ENABLE_STRICT_OBJC_MSGSEND = YES;
				GCC_C_LANGUAGE_STANDARD = gnu11;
				GCC_NO_COMMON_BLOCKS = YES;
				GCC_WARN_64_TO_32_BIT_CONVERSION = YES;
				GCC_WARN_ABOUT_RETURN_TYPE = YES_ERROR;
				GCC_WARN_UNDECLARED_SELECTOR = YES;
				GCC_WARN_UNINITIALIZED_AUTOS = YES_AGGRESSIVE;
				GCC_WARN_UNUSED_FUNCTION = YES;
				GCC_WARN_UNUSED_VARIABLE = YES;
				IPHONEOS_DEPLOYMENT_TARGET = 11.3;
				MTL_ENABLE_DEBUG_INFO = NO;
				SDKROOT = iphoneos;
				SWIFT_COMPILATION_MODE = wholemodule;
				SWIFT_OPTIMIZATION_LEVEL = "-O";
				VALIDATE_PRODUCT = YES;
				VERSIONING_SYSTEM = "apple-generic";
				VERSION_INFO_PREFIX = "";
			};
			name = Release;
		};
		7DDDFAF32082941600F3426C /* Debug */ = {
			isa = XCBuildConfiguration;
			baseConfigurationReference = 9BEF428B0840F873D3795294 /* Pods-Beekeeper.debug.xcconfig */;
			buildSettings = {
				CLANG_ENABLE_MODULES = YES;
				CODE_SIGN_IDENTITY = "";
				CODE_SIGN_STYLE = Automatic;
				DEFINES_MODULE = YES;
				DEVELOPMENT_TEAM = 49YH985E25;
				DYLIB_COMPATIBILITY_VERSION = 1;
				DYLIB_CURRENT_VERSION = 1;
				DYLIB_INSTALL_NAME_BASE = "@rpath";
				INFOPLIST_FILE = Sources/Beekeeper/Info.plist;
				INSTALL_PATH = "$(LOCAL_LIBRARY_DIR)/Frameworks";
				LD_RUNPATH_SEARCH_PATHS = (
					"$(inherited)",
					"@executable_path/Frameworks",
					"@loader_path/Frameworks",
				);
				PRODUCT_BUNDLE_IDENTIFIER = de.chaosspace.Beekeeper;
				PRODUCT_NAME = "$(TARGET_NAME:c99extidentifier)";
				SKIP_INSTALL = YES;
				SWIFT_OPTIMIZATION_LEVEL = "-Onone";
				SWIFT_VERSION = 5.0;
				TARGETED_DEVICE_FAMILY = "1,2";
			};
			name = Debug;
		};
		7DDDFAF42082941600F3426C /* Release */ = {
			isa = XCBuildConfiguration;
			baseConfigurationReference = 52594EED801DB23206D0FD94 /* Pods-Beekeeper.release.xcconfig */;
			buildSettings = {
				CLANG_ENABLE_MODULES = YES;
				CODE_SIGN_IDENTITY = "";
				CODE_SIGN_STYLE = Automatic;
				DEFINES_MODULE = YES;
				DEVELOPMENT_TEAM = 49YH985E25;
				DYLIB_COMPATIBILITY_VERSION = 1;
				DYLIB_CURRENT_VERSION = 1;
				DYLIB_INSTALL_NAME_BASE = "@rpath";
				INFOPLIST_FILE = Sources/Beekeeper/Info.plist;
				INSTALL_PATH = "$(LOCAL_LIBRARY_DIR)/Frameworks";
				LD_RUNPATH_SEARCH_PATHS = (
					"$(inherited)",
					"@executable_path/Frameworks",
					"@loader_path/Frameworks",
				);
				PRODUCT_BUNDLE_IDENTIFIER = de.chaosspace.Beekeeper;
				PRODUCT_NAME = "$(TARGET_NAME:c99extidentifier)";
				SKIP_INSTALL = YES;
				SWIFT_VERSION = 5.0;
				TARGETED_DEVICE_FAMILY = "1,2";
			};
			name = Release;
		};
		7DDDFAF62082941600F3426C /* Debug */ = {
			isa = XCBuildConfiguration;
			baseConfigurationReference = 39558768F7EF5DB8B7351618 /* Pods-BeekeeperTests.debug.xcconfig */;
			buildSettings = {
				CODE_SIGN_STYLE = Automatic;
				DEVELOPMENT_TEAM = 49YH985E25;
				INFOPLIST_FILE = Sources/BeekeeperTests/Info.plist;
				LD_RUNPATH_SEARCH_PATHS = (
					"$(inherited)",
					"@executable_path/Frameworks",
					"@loader_path/Frameworks",
				);
				PRODUCT_BUNDLE_IDENTIFIER = de.chaosspace.BeekeeperTests;
				PRODUCT_NAME = "$(TARGET_NAME)";
				SWIFT_VERSION = 5.0;
				TARGETED_DEVICE_FAMILY = "1,2";
			};
			name = Debug;
		};
		7DDDFAF72082941600F3426C /* Release */ = {
			isa = XCBuildConfiguration;
			baseConfigurationReference = 980C157A4926960FBD24F15C /* Pods-BeekeeperTests.release.xcconfig */;
			buildSettings = {
				CODE_SIGN_STYLE = Automatic;
				DEVELOPMENT_TEAM = 49YH985E25;
				INFOPLIST_FILE = Sources/BeekeeperTests/Info.plist;
				LD_RUNPATH_SEARCH_PATHS = (
					"$(inherited)",
					"@executable_path/Frameworks",
					"@loader_path/Frameworks",
				);
				PRODUCT_BUNDLE_IDENTIFIER = de.chaosspace.BeekeeperTests;
				PRODUCT_NAME = "$(TARGET_NAME)";
				SWIFT_VERSION = 5.0;
				TARGETED_DEVICE_FAMILY = "1,2";
			};
			name = Release;
		};
/* End XCBuildConfiguration section */

/* Begin XCConfigurationList section */
		7DDDFAD82082941600F3426C /* Build configuration list for PBXProject "Beekeeper" */ = {
			isa = XCConfigurationList;
			buildConfigurations = (
				7DDDFAF02082941600F3426C /* Debug */,
				7DDDFAF12082941600F3426C /* Release */,
			);
			defaultConfigurationIsVisible = 0;
			defaultConfigurationName = Release;
		};
		7DDDFAF22082941600F3426C /* Build configuration list for PBXNativeTarget "Beekeeper" */ = {
			isa = XCConfigurationList;
			buildConfigurations = (
				7DDDFAF32082941600F3426C /* Debug */,
				7DDDFAF42082941600F3426C /* Release */,
			);
			defaultConfigurationIsVisible = 0;
			defaultConfigurationName = Release;
		};
		7DDDFAF52082941600F3426C /* Build configuration list for PBXNativeTarget "BeekeeperTests" */ = {
			isa = XCConfigurationList;
			buildConfigurations = (
				7DDDFAF62082941600F3426C /* Debug */,
				7DDDFAF72082941600F3426C /* Release */,
			);
			defaultConfigurationIsVisible = 0;
			defaultConfigurationName = Release;
		};
/* End XCConfigurationList section */
	};
	rootObject = 7DDDFAD52082941600F3426C /* Project object */;
}
